
Microsoft Visual Studio Solution File, Format Version 12.00
# Visual Studio 15
VisualStudioVersion = 15.0.27004.2005
MinimumVisualStudioVersion = 10.0.40219.1
Project("{FAE04EC0-301F-11D3-BF4B-00C04F79EFBC}") = "DiceServer", "DiceServer\DiceServer.csproj", "{C6978E91-1171-4574-9BD5-F6E69C3E5D8A}"
EndProject
Global
	GlobalSection(SolutionConfigurationPlatforms) = preSolution
		Debug|Any CPU = Debug|Any CPU
		Release|Any CPU = Release|Any CPU
	EndGlobalSection
	GlobalSection(ProjectConfigurationPlatforms) = postSolution
		{C6978E91-1171-4574-9BD5-F6E69C3E5D8A}.Debug|Any CPU.ActiveCfg = Debug|Any CPU
		{C6978E91-1171-4574-9BD5-F6E69C3E5D8A}.Debug|Any CPU.Build.0 = Debug|Any CPU
		{C6978E91-1171-4574-9BD5-F6E69C3E5D8A}.Release|Any CPU.ActiveCfg = Release|Any CPU
		{C6978E91-1171-4574-9BD5-F6E69C3E5D8A}.Release|Any CPU.Build.0 = Release|Any CPU
	EndGlobalSection
	GlobalSection(SolutionProperties) = preSolution
		HideSolutionNode = FALSE
	EndGlobalSection
	GlobalSection(ExtensibilityGlobals) = postSolution
		SolutionGuid = {5F111CBE-DC45-49DD-B604-BA83C505DA8E}
	EndGlobalSection
EndGlobal
